
Microsoft Visual Studio Solution File, Format Version 12.00
# Visual Studio Version 17
VisualStudioVersion = 17.3.32825.248
MinimumVisualStudioVersion = 10.0.40219.1
Project("{FAE04EC0-301F-11D3-BF4B-00C04F79EFBC}") = "AccountingSoftware", "AccountingSoftware\AccountingSoftware.csproj", "{CA16D521-C5F4-443F-B91A-69C2216A9C6D}"
EndProject
Global
	GlobalSection(SolutionConfigurationPlatforms) = preSolution
		Debug|Any CPU = Debug|Any CPU
		Release|Any CPU = Release|Any CPU
	EndGlobalSection
	GlobalSection(ProjectConfigurationPlatforms) = postSolution
		{CA16D521-C5F4-443F-B91A-69C2216A9C6D}.Debug|Any CPU.ActiveCfg = Debug|Any CPU
		{CA16D521-C5F4-443F-B91A-69C2216A9C6D}.Debug|Any CPU.Build.0 = Debug|Any CPU
		{CA16D521-C5F4-443F-B91A-69C2216A9C6D}.Release|Any CPU.ActiveCfg = Release|Any CPU
		{CA16D521-C5F4-443F-B91A-69C2216A9C6D}.Release|Any CPU.Build.0 = Release|Any CPU
	EndGlobalSection
	GlobalSection(SolutionProperties) = preSolution
		HideSolutionNode = FALSE
	EndGlobalSection
	GlobalSection(ExtensibilityGlobals) = postSolution
		SolutionGuid = {37CED848-722C-41C0-BFEF-1E597B7969F0}
	EndGlobalSection
EndGlobal
